
Microsoft Visual Studio Solution File, Format Version 12.00
# Visual Studio 2012
Project("{2150E333-8FDC-42A3-9474-1A3956D46DE8}") = ".paket", ".paket", "{63297B98-5CED-492C-A5B7-A5B4F73CF142}"
	ProjectSection(SolutionItems) = preProject
		paket.dependencies = paket.dependencies
		paket.lock = paket.lock
	EndProjectSection
EndProject
Project("{2150E333-8FDC-42A3-9474-1A3956D46DE8}") = "docs", "docs", "{A6A6AF7D-D6E3-442D-9B1E-58CC91879BE1}"
EndProject
Project("{2150E333-8FDC-42A3-9474-1A3956D46DE8}") = "tools", "tools", "{83F16175-43B1-4C90-A1EE-8E351C33435D}"
	ProjectSection(SolutionItems) = preProject
		docs\tools\generate.fsx = docs\tools\generate.fsx
		docs\tools\templates\template.cshtml = docs\tools\templates\template.cshtml
	EndProjectSection
EndProject
Project("{2150E333-8FDC-42A3-9474-1A3956D46DE8}") = "content", "content", "{8E6D5255-776D-4B61-85F9-73C37AA1FB9A}"
	ProjectSection(SolutionItems) = preProject
		docs\content\index.fsx = docs\content\index.fsx
		docs\content\tutorial.fsx = docs\content\tutorial.fsx
		docs\content\docs.fs = docs\content\docs.fs
	EndProjectSection
EndProject
Project("{2150E333-8FDC-42A3-9474-1A3956D46DE8}") = "zguide", "zguide", "{007DAB23-B6A5-4F2E-B1EA-9DF9118B2780}"
	ProjectSection(SolutionItems) = preProject
		docs\content\zguide\_TODO.txt = docs\content\zguide\_TODO.txt
		docs\content\zguide\hwclient.fsx = docs\content\zguide\hwclient.fsx
		docs\content\zguide\hwserver.fsx = docs\content\zguide\hwserver.fsx
		docs\content\zguide\index.fsx = docs\content\zguide\index.fsx
		docs\content\zguide\interrupt.fsx = docs\content\zguide\interrupt.fsx
		docs\content\zguide\msgqueue.fsx = docs\content\zguide\msgqueue.fsx
		docs\content\zguide\mspoller.fsx = docs\content\zguide\mspoller.fsx
		docs\content\zguide\msreader.fsx = docs\content\zguide\msreader.fsx
		docs\content\zguide\mtrelay.fsx = docs\content\zguide\mtrelay.fsx
		docs\content\zguide\mtserver.fsx = docs\content\zguide\mtserver.fsx
		docs\content\zguide\psenvpub.fsx = docs\content\zguide\psenvpub.fsx
		docs\content\zguide\psenvsub.fsx = docs\content\zguide\psenvsub.fsx
		docs\content\zguide\rrbroker.fsx = docs\content\zguide\rrbroker.fsx
		docs\content\zguide\rrclient.fsx = docs\content\zguide\rrclient.fsx
		docs\content\zguide\rrworker.fsx = docs\content\zguide\rrworker.fsx
		docs\content\zguide\syncpub.fsx = docs\content\zguide\syncpub.fsx
		docs\content\zguide\syncsub.fsx = docs\content\zguide\syncsub.fsx
		docs\content\zguide\tasksink.fsx = docs\content\zguide\tasksink.fsx
		docs\content\zguide\tasksink2.fsx = docs\content\zguide\tasksink2.fsx
		docs\content\zguide\taskvent.fsx = docs\content\zguide\taskvent.fsx
		docs\content\zguide\taskwork.fsx = docs\content\zguide\taskwork.fsx
		docs\content\zguide\taskwork2.fsx = docs\content\zguide\taskwork2.fsx
		docs\content\zguide\version.fsx = docs\content\zguide\version.fsx
		docs\content\zguide\wuclient.fsx = docs\content\zguide\wuclient.fsx
		docs\content\zguide\wuproxy.fsx = docs\content\zguide\wuproxy.fsx
		docs\content\zguide\wuserver.fsx = docs\content\zguide\wuserver.fsx
	EndProjectSection
EndProject
Project("{2150E333-8FDC-42A3-9474-1A3956D46DE8}") = "project", "project", "{BF60BC93-E09B-4E5F-9D85-95A519479D54}"
	ProjectSection(SolutionItems) = preProject
		build.fsx = build.fsx
		README.md = README.md
		RELEASE_NOTES.md = RELEASE_NOTES.md
		paket.dependencies = paket.dependencies
		CONTRIBUTING.md = CONTRIBUTING.md
		LICENSE.txt = LICENSE.txt
	EndProjectSection
EndProject
Project("{2150E333-8FDC-42A3-9474-1A3956D46DE8}") = "tests", "tests", "{ED8079DD-2B06-4030-9F0F-DC548F98E1C4}"
EndProject
Project("{2150E333-8FDC-42A3-9474-1A3956D46DE8}") = "compat", "compat", "{A7777B8C-3AC4-4DFC-95C0-11D74FC6115B}"
EndProject
Project("{FAE04EC0-301F-11D3-BF4B-00C04F79EFBC}") = "fszmq.compat.cs", "tests\fszmq.compat.cs\fszmq.compat.cs.csproj", "{2D33436B-A803-4B3D-A76D-A381BC7FC429}"
EndProject
Project("{2150E333-8FDC-42A3-9474-1A3956D46DE8}") = "perf", "perf", "{F3DD00B0-1075-472A-B0B1-F5FB67FF2B4C}"
EndProject
Project("{f2a71f9b-5d33-465a-a702-920d77279786}") = "fszmq.perf.inproc_lat", "tests\fszmq.perf.inproc_lat\fszmq.perf.inproc_lat.fsproj", "{F9462E0C-847A-4AAD-844F-FA5FA538B543}"
EndProject
Project("{f2a71f9b-5d33-465a-a702-920d77279786}") = "fszmq.perf.inproc_thr", "tests\fszmq.perf.inproc_thr\fszmq.perf.inproc_thr.fsproj", "{267CB036-120C-4457-9193-65DAA3CB34AB}"
EndProject
Project("{f2a71f9b-5d33-465a-a702-920d77279786}") = "fszmq.perf.local_lat", "tests\fszmq.perf.local_lat\fszmq.perf.local_lat.fsproj", "{D9B70E39-A90B-4BC0-9413-33D375F23BF7}"
EndProject
Project("{f2a71f9b-5d33-465a-a702-920d77279786}") = "fszmq.perf.remote_lat", "tests\fszmq.perf.remote_lat\fszmq.perf.remote_lat.fsproj", "{B53FB44D-54E6-43B5-9590-E38A48A2490D}"
EndProject
Project("{f2a71f9b-5d33-465a-a702-920d77279786}") = "fszmq.perf.local_thr", "tests\fszmq.perf.local_thr\fszmq.perf.local_thr.fsproj", "{2FB9221E-3695-429A-83A1-075DE00827A2}"
EndProject
Project("{f2a71f9b-5d33-465a-a702-920d77279786}") = "fszmq.perf.remote_thr", "tests\fszmq.perf.remote_thr\fszmq.perf.remote_thr.fsproj", "{9D0E4922-695E-4036-9928-00F528A8E183}"
EndProject
Project("{f2a71f9b-5d33-465a-a702-920d77279786}") = "fszmq.tests", "tests\fszmq.tests\fszmq.tests.fsproj", "{9CA8C753-EB2E-40E5-BEAF-09F51B2601F3}"
EndProject
Project("{f2a71f9b-5d33-465a-a702-920d77279786}") = "fszmq", "src\fszmq\fszmq.fsproj", "{FDA50C33-B288-4E42-9141-D78BDDEF9466}"
EndProject
Global
	GlobalSection(SolutionConfigurationPlatforms) = preSolution
		Debug|Any CPU = Debug|Any CPU
		Release|Any CPU = Release|Any CPU
		Debug|x64 = Debug|x64
		Release|x64 = Release|x64
		Debug|x86 = Debug|x86
		Release|x86 = Release|x86
	EndGlobalSection
	GlobalSection(ProjectConfigurationPlatforms) = postSolution
		{267CB036-120C-4457-9193-65DAA3CB34AB}.Debug|Any CPU.ActiveCfg = Debug|Any CPU
		{267CB036-120C-4457-9193-65DAA3CB34AB}.Debug|Any CPU.Build.0 = Debug|Any CPU
		{267CB036-120C-4457-9193-65DAA3CB34AB}.Debug|x64.ActiveCfg = Debug|x64
		{267CB036-120C-4457-9193-65DAA3CB34AB}.Debug|x64.Build.0 = Debug|x64
		{267CB036-120C-4457-9193-65DAA3CB34AB}.Debug|x86.ActiveCfg = Debug|x86
		{267CB036-120C-4457-9193-65DAA3CB34AB}.Debug|x86.Build.0 = Debug|x86
		{267CB036-120C-4457-9193-65DAA3CB34AB}.Release|Any CPU.ActiveCfg = Release|Any CPU
		{267CB036-120C-4457-9193-65DAA3CB34AB}.Release|Any CPU.Build.0 = Release|Any CPU
		{267CB036-120C-4457-9193-65DAA3CB34AB}.Release|x64.ActiveCfg = Release|x64
		{267CB036-120C-4457-9193-65DAA3CB34AB}.Release|x64.Build.0 = Release|x64
		{267CB036-120C-4457-9193-65DAA3CB34AB}.Release|x86.ActiveCfg = Release|x86
		{267CB036-120C-4457-9193-65DAA3CB34AB}.Release|x86.Build.0 = Release|x86
		{2D33436B-A803-4B3D-A76D-A381BC7FC429}.Debug|Any CPU.ActiveCfg = Debug|Any CPU
		{2D33436B-A803-4B3D-A76D-A381BC7FC429}.Debug|Any CPU.Build.0 = Debug|Any CPU
		{2D33436B-A803-4B3D-A76D-A381BC7FC429}.Debug|x64.ActiveCfg = Debug|x64
		{2D33436B-A803-4B3D-A76D-A381BC7FC429}.Debug|x64.Build.0 = Debug|x64
		{2D33436B-A803-4B3D-A76D-A381BC7FC429}.Debug|x86.ActiveCfg = Debug|x86
		{2D33436B-A803-4B3D-A76D-A381BC7FC429}.Debug|x86.Build.0 = Debug|x86
		{2D33436B-A803-4B3D-A76D-A381BC7FC429}.Release|Any CPU.ActiveCfg = Release|Any CPU
		{2D33436B-A803-4B3D-A76D-A381BC7FC429}.Release|Any CPU.Build.0 = Release|Any CPU
		{2D33436B-A803-4B3D-A76D-A381BC7FC429}.Release|x64.ActiveCfg = Release|x64
		{2D33436B-A803-4B3D-A76D-A381BC7FC429}.Release|x64.Build.0 = Release|x64
		{2D33436B-A803-4B3D-A76D-A381BC7FC429}.Release|x86.ActiveCfg = Release|x86
		{2D33436B-A803-4B3D-A76D-A381BC7FC429}.Release|x86.Build.0 = Release|x86
		{2FB9221E-3695-429A-83A1-075DE00827A2}.Debug|Any CPU.ActiveCfg = Debug|Any CPU
		{2FB9221E-3695-429A-83A1-075DE00827A2}.Debug|Any CPU.Build.0 = Debug|Any CPU
		{2FB9221E-3695-429A-83A1-075DE00827A2}.Debug|x64.ActiveCfg = Debug|x64
		{2FB9221E-3695-429A-83A1-075DE00827A2}.Debug|x64.Build.0 = Debug|x64
		{2FB9221E-3695-429A-83A1-075DE00827A2}.Debug|x86.ActiveCfg = Debug|x86
		{2FB9221E-3695-429A-83A1-075DE00827A2}.Debug|x86.Build.0 = Debug|x86
		{2FB9221E-3695-429A-83A1-075DE00827A2}.Release|Any CPU.ActiveCfg = Release|Any CPU
		{2FB9221E-3695-429A-83A1-075DE00827A2}.Release|Any CPU.Build.0 = Release|Any CPU
		{2FB9221E-3695-429A-83A1-075DE00827A2}.Release|x64.ActiveCfg = Release|x64
		{2FB9221E-3695-429A-83A1-075DE00827A2}.Release|x64.Build.0 = Release|x64
		{2FB9221E-3695-429A-83A1-075DE00827A2}.Release|x86.ActiveCfg = Release|x86
		{2FB9221E-3695-429A-83A1-075DE00827A2}.Release|x86.Build.0 = Release|x86
		{9CA8C753-EB2E-40E5-BEAF-09F51B2601F3}.Debug|Any CPU.ActiveCfg = Debug|Any CPU
		{9CA8C753-EB2E-40E5-BEAF-09F51B2601F3}.Debug|Any CPU.Build.0 = Debug|Any CPU
		{9CA8C753-EB2E-40E5-BEAF-09F51B2601F3}.Debug|x64.ActiveCfg = Debug|x64
		{9CA8C753-EB2E-40E5-BEAF-09F51B2601F3}.Debug|x64.Build.0 = Debug|x64
		{9CA8C753-EB2E-40E5-BEAF-09F51B2601F3}.Debug|x86.ActiveCfg = Debug|x86
		{9CA8C753-EB2E-40E5-BEAF-09F51B2601F3}.Debug|x86.Build.0 = Debug|x86
		{9CA8C753-EB2E-40E5-BEAF-09F51B2601F3}.Release|Any CPU.ActiveCfg = Release|Any CPU
		{9CA8C753-EB2E-40E5-BEAF-09F51B2601F3}.Release|Any CPU.Build.0 = Release|Any CPU
		{9CA8C753-EB2E-40E5-BEAF-09F51B2601F3}.Release|x64.ActiveCfg = Release|x64
		{9CA8C753-EB2E-40E5-BEAF-09F51B2601F3}.Release|x64.Build.0 = Release|x64
		{9CA8C753-EB2E-40E5-BEAF-09F51B2601F3}.Release|x86.ActiveCfg = Release|x86
		{9CA8C753-EB2E-40E5-BEAF-09F51B2601F3}.Release|x86.Build.0 = Release|x86
		{9D0E4922-695E-4036-9928-00F528A8E183}.Debug|Any CPU.ActiveCfg = Debug|Any CPU
		{9D0E4922-695E-4036-9928-00F528A8E183}.Debug|Any CPU.Build.0 = Debug|Any CPU
		{9D0E4922-695E-4036-9928-00F528A8E183}.Debug|x64.ActiveCfg = Debug|x64
		{9D0E4922-695E-4036-9928-00F528A8E183}.Debug|x64.Build.0 = Debug|x64
		{9D0E4922-695E-4036-9928-00F528A8E183}.Debug|x86.ActiveCfg = Debug|x86
		{9D0E4922-695E-4036-9928-00F528A8E183}.Debug|x86.Build.0 = Debug|x86
		{9D0E4922-695E-4036-9928-00F528A8E183}.Release|Any CPU.ActiveCfg = Release|Any CPU
		{9D0E4922-695E-4036-9928-00F528A8E183}.Release|Any CPU.Build.0 = Release|Any CPU
		{9D0E4922-695E-4036-9928-00F528A8E183}.Release|x64.ActiveCfg = Release|x64
		{9D0E4922-695E-4036-9928-00F528A8E183}.Release|x64.Build.0 = Release|x64
		{9D0E4922-695E-4036-9928-00F528A8E183}.Release|x86.ActiveCfg = Release|x86
		{9D0E4922-695E-4036-9928-00F528A8E183}.Release|x86.Build.0 = Release|x86
		{B53FB44D-54E6-43B5-9590-E38A48A2490D}.Debug|Any CPU.ActiveCfg = Debug|Any CPU
		{B53FB44D-54E6-43B5-9590-E38A48A2490D}.Debug|Any CPU.Build.0 = Debug|Any CPU
		{B53FB44D-54E6-43B5-9590-E38A48A2490D}.Debug|x64.ActiveCfg = Debug|x64
		{B53FB44D-54E6-43B5-9590-E38A48A2490D}.Debug|x64.Build.0 = Debug|x64
		{B53FB44D-54E6-43B5-9590-E38A48A2490D}.Debug|x86.ActiveCfg = Debug|x86
		{B53FB44D-54E6-43B5-9590-E38A48A2490D}.Debug|x86.Build.0 = Debug|x86
		{B53FB44D-54E6-43B5-9590-E38A48A2490D}.Release|Any CPU.ActiveCfg = Release|Any CPU
		{B53FB44D-54E6-43B5-9590-E38A48A2490D}.Release|Any CPU.Build.0 = Release|Any CPU
		{B53FB44D-54E6-43B5-9590-E38A48A2490D}.Release|x64.ActiveCfg = Release|x64
		{B53FB44D-54E6-43B5-9590-E38A48A2490D}.Release|x64.Build.0 = Release|x64
		{B53FB44D-54E6-43B5-9590-E38A48A2490D}.Release|x86.ActiveCfg = Release|x86
		{B53FB44D-54E6-43B5-9590-E38A48A2490D}.Release|x86.Build.0 = Release|x86
		{D9B70E39-A90B-4BC0-9413-33D375F23BF7}.Debug|Any CPU.ActiveCfg = Debug|Any CPU
		{D9B70E39-A90B-4BC0-9413-33D375F23BF7}.Debug|Any CPU.Build.0 = Debug|Any CPU
		{D9B70E39-A90B-4BC0-9413-33D375F23BF7}.Debug|x64.ActiveCfg = Debug|x64
		{D9B70E39-A90B-4BC0-9413-33D375F23BF7}.Debug|x64.Build.0 = Debug|x64
		{D9B70E39-A90B-4BC0-9413-33D375F23BF7}.Debug|x86.ActiveCfg = Debug|x86
		{D9B70E39-A90B-4BC0-9413-33D375F23BF7}.Debug|x86.Build.0 = Debug|x86
		{D9B70E39-A90B-4BC0-9413-33D375F23BF7}.Release|Any CPU.ActiveCfg = Release|Any CPU
		{D9B70E39-A90B-4BC0-9413-33D375F23BF7}.Release|Any CPU.Build.0 = Release|Any CPU
		{D9B70E39-A90B-4BC0-9413-33D375F23BF7}.Release|x64.ActiveCfg = Release|x64
		{D9B70E39-A90B-4BC0-9413-33D375F23BF7}.Release|x64.Build.0 = Release|x64
		{D9B70E39-A90B-4BC0-9413-33D375F23BF7}.Release|x86.ActiveCfg = Release|x86
		{D9B70E39-A90B-4BC0-9413-33D375F23BF7}.Release|x86.Build.0 = Release|x86
		{F9462E0C-847A-4AAD-844F-FA5FA538B543}.Debug|Any CPU.ActiveCfg = Debug|Any CPU
		{F9462E0C-847A-4AAD-844F-FA5FA538B543}.Debug|Any CPU.Build.0 = Debug|Any CPU
		{F9462E0C-847A-4AAD-844F-FA5FA538B543}.Debug|x64.ActiveCfg = Debug|x64
		{F9462E0C-847A-4AAD-844F-FA5FA538B543}.Debug|x64.Build.0 = Debug|x64
		{F9462E0C-847A-4AAD-844F-FA5FA538B543}.Debug|x86.ActiveCfg = Debug|x86
		{F9462E0C-847A-4AAD-844F-FA5FA538B543}.Debug|x86.Build.0 = Debug|x86
		{F9462E0C-847A-4AAD-844F-FA5FA538B543}.Release|Any CPU.ActiveCfg = Release|Any CPU
		{F9462E0C-847A-4AAD-844F-FA5FA538B543}.Release|Any CPU.Build.0 = Release|Any CPU
		{F9462E0C-847A-4AAD-844F-FA5FA538B543}.Release|x64.ActiveCfg = Release|x64
		{F9462E0C-847A-4AAD-844F-FA5FA538B543}.Release|x64.Build.0 = Release|x64
		{F9462E0C-847A-4AAD-844F-FA5FA538B543}.Release|x86.ActiveCfg = Release|x86
		{F9462E0C-847A-4AAD-844F-FA5FA538B543}.Release|x86.Build.0 = Release|x86
		{FDA50C33-B288-4E42-9141-D78BDDEF9466}.Debug|Any CPU.ActiveCfg = Debug|Any CPU
		{FDA50C33-B288-4E42-9141-D78BDDEF9466}.Debug|Any CPU.Build.0 = Debug|Any CPU
		{FDA50C33-B288-4E42-9141-D78BDDEF9466}.Debug|x64.ActiveCfg = Debug|Any CPU
		{FDA50C33-B288-4E42-9141-D78BDDEF9466}.Debug|x64.Build.0 = Debug|Any CPU
		{FDA50C33-B288-4E42-9141-D78BDDEF9466}.Debug|x86.ActiveCfg = Debug|Any CPU
		{FDA50C33-B288-4E42-9141-D78BDDEF9466}.Debug|x86.Build.0 = Debug|Any CPU
		{FDA50C33-B288-4E42-9141-D78BDDEF9466}.Release|Any CPU.ActiveCfg = Release|Any CPU
		{FDA50C33-B288-4E42-9141-D78BDDEF9466}.Release|Any CPU.Build.0 = Release|Any CPU
		{FDA50C33-B288-4E42-9141-D78BDDEF9466}.Release|x64.ActiveCfg = Release|Any CPU
		{FDA50C33-B288-4E42-9141-D78BDDEF9466}.Release|x64.Build.0 = Release|Any CPU
		{FDA50C33-B288-4E42-9141-D78BDDEF9466}.Release|x86.ActiveCfg = Release|Any CPU
		{FDA50C33-B288-4E42-9141-D78BDDEF9466}.Release|x86.Build.0 = Release|Any CPU
	EndGlobalSection
	GlobalSection(NestedProjects) = preSolution
		{83F16175-43B1-4C90-A1EE-8E351C33435D} = {A6A6AF7D-D6E3-442D-9B1E-58CC91879BE1}
		{8E6D5255-776D-4B61-85F9-73C37AA1FB9A} = {A6A6AF7D-D6E3-442D-9B1E-58CC91879BE1}
		{007DAB23-B6A5-4F2E-B1EA-9DF9118B2780} = {8E6D5255-776D-4B61-85F9-73C37AA1FB9A}
		{A7777B8C-3AC4-4DFC-95C0-11D74FC6115B} = {ED8079DD-2B06-4030-9F0F-DC548F98E1C4}
		{F3DD00B0-1075-472A-B0B1-F5FB67FF2B4C} = {ED8079DD-2B06-4030-9F0F-DC548F98E1C4}
		{9CA8C753-EB2E-40E5-BEAF-09F51B2601F3} = {ED8079DD-2B06-4030-9F0F-DC548F98E1C4}
		{2D33436B-A803-4B3D-A76D-A381BC7FC429} = {A7777B8C-3AC4-4DFC-95C0-11D74FC6115B}
		{F9462E0C-847A-4AAD-844F-FA5FA538B543} = {F3DD00B0-1075-472A-B0B1-F5FB67FF2B4C}
		{267CB036-120C-4457-9193-65DAA3CB34AB} = {F3DD00B0-1075-472A-B0B1-F5FB67FF2B4C}
		{D9B70E39-A90B-4BC0-9413-33D375F23BF7} = {F3DD00B0-1075-472A-B0B1-F5FB67FF2B4C}
		{B53FB44D-54E6-43B5-9590-E38A48A2490D} = {F3DD00B0-1075-472A-B0B1-F5FB67FF2B4C}
		{2FB9221E-3695-429A-83A1-075DE00827A2} = {F3DD00B0-1075-472A-B0B1-F5FB67FF2B4C}
		{9D0E4922-695E-4036-9928-00F528A8E183} = {F3DD00B0-1075-472A-B0B1-F5FB67FF2B4C}
	EndGlobalSection
	GlobalSection(SolutionProperties) = preSolution
		HideSolutionNode = FALSE
	EndGlobalSection
EndGlobal
